
Microsoft Visual Studio Solution File, Format Version 12.00
# Visual Studio Version 17
VisualStudioVersion = 17.6.33815.320
MinimumVisualStudioVersion = 10.0.40219.1
Project("{9A19103F-16F7-4668-BE54-9A1E7A4F7556}") = "Mvc_application", "Mvc_application\Mvc_application.csproj", "{FB5BF8AA-9A1D-4E2C-8CB9-C75428C87F43}"
EndProject
Project("{9A19103F-16F7-4668-BE54-9A1E7A4F7556}") = "Razor_web_temp", "Razor_web_temp\Razor_web_temp.csproj", "{4DEB79FB-3EEF-4507-9E0C-CCA0639F74DD}"
EndProject
Project("{9A19103F-16F7-4668-BE54-9A1E7A4F7556}") = "Bulky.DataAccess", "Bulky.DataAccess\Bulky.DataAccess.csproj", "{BE884648-E6B6-48D1-9F2B-F3E87996745B}"
EndProject
Project("{9A19103F-16F7-4668-BE54-9A1E7A4F7556}") = "Bulky.Models", "Bulky.Models\Bulky.Models.csproj", "{BD750208-9056-4DC7-90A0-380D8FBE00E6}"
EndProject
Project("{9A19103F-16F7-4668-BE54-9A1E7A4F7556}") = "Bulky.Utility", "Bulky.Utility\Bulky.Utility.csproj", "{B457882E-6FB9-4442-A01F-1C20F196EBC1}"
EndProject
Global
	GlobalSection(SolutionConfigurationPlatforms) = preSolution
		Debug|Any CPU = Debug|Any CPU
		Release|Any CPU = Release|Any CPU
	EndGlobalSection
	GlobalSection(ProjectConfigurationPlatforms) = postSolution
		{FB5BF8AA-9A1D-4E2C-8CB9-C75428C87F43}.Debug|Any CPU.ActiveCfg = Debug|Any CPU
		{FB5BF8AA-9A1D-4E2C-8CB9-C75428C87F43}.Debug|Any CPU.Build.0 = Debug|Any CPU
		{FB5BF8AA-9A1D-4E2C-8CB9-C75428C87F43}.Release|Any CPU.ActiveCfg = Release|Any CPU
		{FB5BF8AA-9A1D-4E2C-8CB9-C75428C87F43}.Release|Any CPU.Build.0 = Release|Any CPU
		{4DEB79FB-3EEF-4507-9E0C-CCA0639F74DD}.Debug|Any CPU.ActiveCfg = Debug|Any CPU
		{4DEB79FB-3EEF-4507-9E0C-CCA0639F74DD}.Debug|Any CPU.Build.0 = Debug|Any CPU
		{4DEB79FB-3EEF-4507-9E0C-CCA0639F74DD}.Release|Any CPU.ActiveCfg = Release|Any CPU
		{4DEB79FB-3EEF-4507-9E0C-CCA0639F74DD}.Release|Any CPU.Build.0 = Release|Any CPU
		{BE884648-E6B6-48D1-9F2B-F3E87996745B}.Debug|Any CPU.ActiveCfg = Debug|Any CPU
		{BE884648-E6B6-48D1-9F2B-F3E87996745B}.Debug|Any CPU.Build.0 = Debug|Any CPU
		{BE884648-E6B6-48D1-9F2B-F3E87996745B}.Release|Any CPU.ActiveCfg = Release|Any CPU
		{BE884648-E6B6-48D1-9F2B-F3E87996745B}.Release|Any CPU.Build.0 = Release|Any CPU
		{BD750208-9056-4DC7-90A0-380D8FBE00E6}.Debug|Any CPU.ActiveCfg = Debug|Any CPU
		{BD750208-9056-4DC7-90A0-380D8FBE00E6}.Debug|Any CPU.Build.0 = Debug|Any CPU
		{BD750208-9056-4DC7-90A0-380D8FBE00E6}.Release|Any CPU.ActiveCfg = Release|Any CPU
		{BD750208-9056-4DC7-90A0-380D8FBE00E6}.Release|Any CPU.Build.0 = Release|Any CPU
		{B457882E-6FB9-4442-A01F-1C20F196EBC1}.Debug|Any CPU.ActiveCfg = Debug|Any CPU
		{B457882E-6FB9-4442-A01F-1C20F196EBC1}.Debug|Any CPU.Build.0 = Debug|Any CPU
		{B457882E-6FB9-4442-A01F-1C20F196EBC1}.Release|Any CPU.ActiveCfg = Release|Any CPU
		{B457882E-6FB9-4442-A01F-1C20F196EBC1}.Release|Any CPU.Build.0 = Release|Any CPU
	EndGlobalSection
	GlobalSection(SolutionProperties) = preSolution
		HideSolutionNode = FALSE
	EndGlobalSection
	GlobalSection(ExtensibilityGlobals) = postSolution
		SolutionGuid = {92E2BF8D-1219-4B2D-BDDF-7BC585640CD7}
	EndGlobalSection
EndGlobal
